version = "slop-gate 0.3.3"
started_at = "2026-09-15T12:46:34Z"
cutoff = 10
repository = "tokio"
branch = "master"
head = "eb9cdf2ff012ec22d4efd74cf46d04222264cd8e"
selected_ref = "eb9cdf2ff012ec22d4efd74cf46d04222264cd8e"
retries_used = 1
repository = "serde"
branch = "master"
head = "a874a1b1bb1cc16cf5ee3b1b7b527af5705742bb"
selected_ref = "a874a1b1bb1cc16cf5ee3b1b7b527af5705742bb"
retries_used = 1
repository = "clap"
branch = "master"
head = "e6adcc21a6b4ea285bd646e977884c8d653841b7"
selected_ref = "e6adcc21a6b4ea285bd646e977884c8d653841b7"
retries_used = 1
repository = "ripgrep"
branch = "master"
head = "3fce3b5bb0236da2df6d99672afb8a719642eca7"
selected_ref = "3fce3b5bb0236da2df6d99672afb8a719642eca7"
retries_used = 1
repository = "rayon"
branch = "main"
head = "ee0a00bdb1ab039e178a215ad5712fb7fa58e58f"
selected_ref = "ee0a00bdb1ab039e178a215ad5712fb7fa58e58f"
retries_used = 1
repository = "axum"
branch = "main"
head = "3f46d25e9274d485a99905d3734d37828112bc31"
selected_ref = "3f46d25e9274d485a99905d3734d37828112bc31"
retries_used = 1
repository = "reqwest"
branch = "master"
head = "a7abe639aed1949259739121067f89f315b629a5"
selected_ref = "a7abe639aed1949259739121067f89f315b629a5"
retries_used = 1
repository = "rustls"
branch = "main"
head = "c3d0e3779de5efa98a5d96651d18affcba702c9d"
selected_ref = "c3d0e3779de5efa98a5d96651d18affcba702c9d"
retries_used = 1
repository = "regex"
branch = "master"
head = "72d650cb0a880a01ab6dc2137c0888e8f89740f7"
selected_ref = "72d650cb0a880a01ab6dc2137c0888e8f89740f7"
retries_used = 1
repository = "syn"
branch = "master"
head = "d55bcd2546a3a34923c46da569edd65b38b3788d"
selected_ref = "d55bcd2546a3a34923c46da569edd65b38b3788d"
retries_used = 1
repository = "quote"
branch = "master"
head = "dcaa9aaf1f1c048eaaa209e8d881ffc3c82cd004"
selected_ref = "dcaa9aaf1f1c048eaaa209e8d881ffc3c82cd004"
retries_used = 1
repository = "thiserror"
branch = "master"
head = "5a306c7d0a8588caaaaa6a7567aeb25c1c10719b"
selected_ref = "5a306c7d0a8588caaaaa6a7567aeb25c1c10719b"
retries_used = 1
repository = "tracing"
branch = "main"
head = "d9d4c542de10f5d3a711b7a45ffe450fd0666437"
selected_ref = "d9d4c542de10f5d3a711b7a45ffe450fd0666437"
retries_used = 1
repository = "sqlx"
branch = "main"
head = "b54008a329541c0ce230d8b203e0c00fc8e8ea48"
selected_ref = "b54008a329541c0ce230d8b203e0c00fc8e8ea48"
retries_used = 1
