version = "slop-gate 0.3.3"
started_at = "2026-09-15T07:04:33Z"
cutoff = 10
repository = "tokio"
branch = "master"
head = "eb9cdf2ff012ec22d4efd74cf46d04222264cd8e"
repository = "serde"
branch = "master"
head = "a874a1b1bb1cc16cf5ee3b1b7b527af5705742bb"
repository = "clap"
branch = "master"
head = "e6adcc21a6b4ea285bd646e977884c8d653841b7"
repository = "ripgrep"
branch = "master"
head = "3fce3b5bb0236da2df6d99672afb8a719642eca7"
repository = "rayon"
branch = "main"
head = "ee0a00bdb1ab039e178a215ad5712fb7fa58e58f"
repository = "hyper"
branch = "master"
head = "c6dca2078ce223050dc0832be7c9ab07baa6c4bf"
repository = "axum"
branch = "main"
head = "0b9325bf6624a8ec8840b35641a3ab3d88539845"
repository = "reqwest"
branch = "master"
head = "a7abe639aed1949259739121067f89f315b629a5"
repository = "rustls"
branch = "main"
head = "856bdf37d5d9cdce9bdbf2bda46f7fdf0bed945f"
repository = "regex"
branch = "master"
head = "72d650cb0a880a01ab6dc2137c0888e8f89740f7"
repository = "syn"
branch = "master"
head = "d55bcd2546a3a34923c46da569edd65b38b3788d"
repository = "quote"
branch = "master"
head = "dcaa9aaf1f1c048eaaa209e8d881ffc3c82cd004"
repository = "anyhow"
branch = "master"
head = "c63b279f3f4af2b02ca6267d9eb47d6d10497f69"
repository = "thiserror"
branch = "master"
head = "5a306c7d0a8588caaaaa6a7567aeb25c1c10719b"
repository = "tracing"
branch = "main"
head = "d9d4c542de10f5d3a711b7a45ffe450fd0666437"
repository = "cargo"
branch = "master"
head = "cc5596f058e623d22be718adf541a9bd766d9417"
repository = "rust-analyzer"
branch = "master"
head = "2a9b6c052671340c9b4cb15aaf5c56c4b73bd0b9"
repository = "bevy"
branch = "main"
head = "29fe519f32a14503c8c0fab0baacafe76842bb76"
repository = "diesel"
branch = "main"
head = "55ff01e763a13319b04e036ab6b5d3513e78db78"
repository = "sqlx"
branch = "main"
head = "b54008a329541c0ce230d8b203e0c00fc8e8ea48"
